{
  "name": "beverage-cheese",
  "lockfileVersion": 3,
  "requires": true,
  "packages": {
    "": {
      "name": "beverage-cheese",
      "dependencies": {
        "openai": "^6.48.0"
      },
      "devDependencies": {
        "@netlify/functions": "^5.3.0"
      }
    },
    "node_modules/@netlify/functions": {
      "version": "5.3.0",
      "resolved": "https://registry.npmjs.org/@netlify/functions/-/functions-5.3.0.tgz",
      "integrity": "sha512-FP+xCoZMkMOUsKa4UdG/oiK/2md1/TxuXvqqieaMVMgDbFFMaHI8h0oHCViUY73kPbKV6HyzayaSXGYXKpBSoQ==",
      "dev": true,
      "license": "MIT",
      "dependencies": {
        "@netlify/types": "2.8.0"
      },
      "engines": {
        "node": ">=18.0.0"
      }
    },
    "node_modules/@netlify/types": {
      "version": "2.8.0",
      "resolved": "https://registry.npmjs.org/@netlify/types/-/types-2.8.0.tgz",
      "integrity": "sha512-8/g0Pt6y6wXj5Ia5eeYLiXhRfWeqZXGXpGFeCiiQdUOem+FPtXdA4+YdGxqzWc7D0AvptKSO01KGeeVWHSu8Kg==",
      "dev": true,
      "license": "MIT",
      "engines": {
        "node": "^18.14.0 || >=20"
      }
    },
    "node_modules/openai": {
      "version": "6.48.0",
      "resolved": "https://registry.npmjs.org/openai/-/openai-6.48.0.tgz",
      "integrity": "sha512-KhVp+FyV50QrXNextvL9hIU5l6ox5HYuKQjGVk7lIqprgJol90+dQXWONV6S1lRWsKA1bXjrow8RsUT14M1hNA==",
      "license": "Apache-2.0",
      "peerDependencies": {
        "@aws-sdk/credential-provider-node": ">=3.972.0 <4",
        "@smithy/hash-node": ">=4.3.0 <5",
        "@smithy/signature-v4": ">=5.4.0 <6",
        "ws": "^8.18.0",
        "zod": "^3.25 || ^4.0"
      },
      "peerDependenciesMeta": {
        "@aws-sdk/credential-provider-node": {
          "optional": true
        },
        "@smithy/hash-node": {
          "optional": true
        },
        "@smithy/signature-v4": {
          "optional": true
        },
        "ws": {
          "optional": true
        },
        "zod": {
          "optional": true
        }
      }
    }
  }
}
